github.com/bitwormhole/starter v0.0.13 h1:i61y6H6ig9QJny8QS9bIZZWVHpuGmyhSmWLuvuGZn1I=
github.com/bitwormhole/starter v0.0.13/go.mod h1:Mv2MC4cWHU2eUs4793mL7pXL79pmjp1HJyA9bV8ZVMc=
github.com/bitwormhole/starter-security v0.0.2 h1:Lrx/GsQhT36GYjnfXL9Ima5F2pRdPHDG/pT3C62GHA0=
github.com/bitwormhole/starter-security v0.0.2/go.mod h1:enEQzrIIL6iGTcL1xBPIqGXlPJR/KtMoyN1CKcm0IGI=
